// !$*UTF8*$!
{
	archiveVersion = 1;
	classes = {
	};
	objectVersion = 56;
	objects = {

/* Begin PBXBuildFile section */
		4FD70F4028EBEF3400E2A3C6 /* AppDelegate.m in Sources */ = {isa = PBXBuildFile; fileRef = 4FD70F3F28EBEF3400E2A3C6 /* AppDelegate.m */; };
		4FD70F4328EBEF3400E2A3C6 /* SceneDelegate.m in Sources */ = {isa = PBXBuildFile; fileRef = 4FD70F4228EBEF3400E2A3C6 /* SceneDelegate.m */; };
		4FD70F4628EBEF3400E2A3C6 /* ViewController.m in Sources */ = {isa = PBXBuildFile; fileRef = 4FD70F4528EBEF3400E2A3C6 /* ViewController.m */; };
		4FD70F4928EBEF3400E2A3C6 /* Main.storyboard in Resources */ = {isa = PBXBuildFile; fileRef = 4FD70F4728EBEF3400E2A3C6 /* Main.storyboard */; };
		4FD70F4B28EBEF3400E2A3C6 /* Assets.xcassets in Resources */ = {isa = PBXBuildFile; fileRef = 4FD70F4A28EBEF3400E2A3C6 /* Assets.xcassets */; };
		4FD70F4E28EBEF3400E2A3C6 /* LaunchScreen.storyboard in Resources */ = {isa = PBXBuildFile; fileRef = 4FD70F4C28EBEF3400E2A3C6 /* LaunchScreen.storyboard */; };
		4FD70F5128EBEF3400E2A3C6 /* main.m in Sources */ = {isa = PBXBuildFile; fileRef = 4FD70F5028EBEF3400E2A3C6 /* main.m */; };
		4FD70F5928EBF09C00E2A3C6 /* ImageService.m in Sources */ = {isa = PBXBuildFile; fileRef = 4FD70F5828EBF09C00E2A3C6 /* ImageService.m */; };
/* End PBXBuildFile section */

/* Begin PBXFileReference section */
		4FD70F3B28EBEF3400E2A3C6 /* CancellableNetwork.app */ = {isa = PBXFileReference; explicitFileType = wrapper.application; includeInIndex = 0; path = CancellableNetwork.app; sourceTree = BUILT_PRODUCTS_DIR; };
		4FD70F3E28EBEF3400E2A3C6 /* AppDelegate.h */ = {isa = PBXFileReference; lastKnownFileType = sourcecode.c.h; path = AppDelegate.h; sourceTree = "<group>"; };
		4FD70F3F28EBEF3400E2A3C6 /* AppDelegate.m */ = {isa = PBXFileReference; lastKnownFileType = sourcecode.c.objc; path = AppDelegate.m; sourceTree = "<group>"; };
		4FD70F4128EBEF3400E2A3C6 /* SceneDelegate.h */ = {isa = PBXFileReference; lastKnownFileType = sourcecode.c.h; path = SceneDelegate.h; sourceTree = "<group>"; };
		4FD70F4228EBEF3400E2A3C6 /* SceneDelegate.m */ = {isa = PBXFileReference; lastKnownFileType = sourcecode.c.objc; path = SceneDelegate.m; sourceTree = "<group>"; };
		4FD70F4428EBEF3400E2A3C6 /* ViewController.h */ = {isa = PBXFileReference; lastKnownFileType = sourcecode.c.h; path = ViewController.h; sourceTree = "<group>"; };
		4FD70F4528EBEF3400E2A3C6 /* ViewController.m */ = {isa = PBXFileReference; lastKnownFileType = sourcecode.c.objc; path = ViewController.m; sourceTree = "<group>"; };
		4FD70F4828EBEF3400E2A3C6 /* Base */ = {isa = PBXFileReference; lastKnownFileType = file.storyboard; name = Base; path = Base.lproj/Main.storyboard; sourceTree = "<group>"; };
		4FD70F4A28EBEF3400E2A3C6 /* Assets.xcassets */ = {isa = PBXFileReference; lastKnownFileType = folder.assetcatalog; path = Assets.xcassets; sourceTree = "<group>"; };
		4FD70F4D28EBEF3400E2A3C6 /* Base */ = {isa = PBXFileReference; lastKnownFileType = file.storyboard; name = Base; path = Base.lproj/LaunchScreen.storyboard; sourceTree = "<group>"; };
		4FD70F4F28EBEF3400E2A3C6 /* Info.plist */ = {isa = PBXFileReference; lastKnownFileType = text.plist.xml; path = Info.plist; sourceTree = "<group>"; };
		4FD70F5028EBEF3400E2A3C6 /* main.m */ = {isa = PBXFileReference; lastKnownFileType = sourcecode.c.objc; path = main.m; sourceTree = "<group>"; };
		4FD70F5728EBF09C00E2A3C6 /* ImageService.h */ = {isa = PBXFileReference; lastKnownFileType = sourcecode.c.h; path = ImageService.h; sourceTree = "<group>"; };
		4FD70F5828EBF09C00E2A3C6 /* ImageService.m */ = {isa = PBXFileReference; lastKnownFileType = sourcecode.c.objc; path = ImageService.m; sourceTree = "<group>"; };
/* End PBXFileReference section */

/* Begin PBXFrameworksBuildPhase section */
		4FD70F3828EBEF3400E2A3C6 /* Frameworks */ = {
			isa = PBXFrameworksBuildPhase;
			buildActionMask = 2147483647;
			files = (
			);
			runOnlyForDeploymentPostprocessing = 0;
		};
/* End PBXFrameworksBuildPhase section */

/* Begin PBXGroup section */
		4FD70F3228EBEF3400E2A3C6 = {
			isa = PBXGroup;
			children = (
				4FD70F3D28EBEF3400E2A3C6 /* CancellableNetwork */,
				4FD70F3C28EBEF3400E2A3C6 /* Products */,
			);
			sourceTree = "<group>";
		};
		4FD70F3C28EBEF3400E2A3C6 /* Products */ = {
			isa = PBXGroup;
			children = (
				4FD70F3B28EBEF3400E2A3C6 /* CancellableNetwork.app */,
			);
			name = Products;
			sourceTree = "<group>";
		};
		4FD70F3D28EBEF3400E2A3C6 /* CancellableNetwork */ = {
			isa = PBXGroup;
			children = (
				4FD70F3E28EBEF3400E2A3C6 /* AppDelegate.h */,
				4FD70F3F28EBEF3400E2A3C6 /* AppDelegate.m */,
				4FD70F4128EBEF3400E2A3C6 /* SceneDelegate.h */,
				4FD70F4228EBEF3400E2A3C6 /* SceneDelegate.m */,
				4FD70F4428EBEF3400E2A3C6 /* ViewController.h */,
				4FD70F4528EBEF3400E2A3C6 /* ViewController.m */,
				4FD70F4728EBEF3400E2A3C6 /* Main.storyboard */,
				4FD70F4A28EBEF3400E2A3C6 /* Assets.xcassets */,
				4FD70F4C28EBEF3400E2A3C6 /* LaunchScreen.storyboard */,
				4FD70F4F28EBEF3400E2A3C6 /* Info.plist */,
				4FD70F5028EBEF3400E2A3C6 /* main.m */,
				4FD70F5728EBF09C00E2A3C6 /* ImageService.h */,
				4FD70F5828EBF09C00E2A3C6 /* ImageService.m */,
			);
			path = CancellableNetwork;
			sourceTree = "<group>";
		};
/* End PBXGroup section */

/* Begin PBXNativeTarget section */
		4FD70F3A28EBEF3400E2A3C6 /* CancellableNetwork */ = {
			isa = PBXNativeTarget;
			buildConfigurationList = 4FD70F5428EBEF3400E2A3C6 /* Build configuration list for PBXNativeTarget "CancellableNetwork" */;
			buildPhases = (
				4FD70F3728EBEF3400E2A3C6 /* Sources */,
				4FD70F3828EBEF3400E2A3C6 /* Frameworks */,
				4FD70F3928EBEF3400E2A3C6 /* Resources */,
			);
			buildRules = (
			);
			dependencies = (
			);
			name = CancellableNetwork;
			productName = CancellableNetwork;
			productReference = 4FD70F3B28EBEF3400E2A3C6 /* CancellableNetwork.app */;
			productType = "com.apple.product-type.application";
		};
/* End PBXNativeTarget section */

/* Begin PBXProject section */
		4FD70F3328EBEF3400E2A3C6 /* Project object */ = {
			isa = PBXProject;
			attributes = {
				BuildIndependentTargetsInParallel = 1;
				LastUpgradeCheck = 1400;
				TargetAttributes = {
					4FD70F3A28EBEF3400E2A3C6 = {
						CreatedOnToolsVersion = 14.0.1;
					};
				};
			};
			buildConfigurationList = 4FD70F3628EBEF3400E2A3C6 /* Build configuration list for PBXProject "CancellableNetwork" */;
			compatibilityVersion = "Xcode 14.0";
			developmentRegion = en;
			hasScannedForEncodings = 0;
			knownRegions = (
				en,
				Base,
			);
			mainGroup = 4FD70F3228EBEF3400E2A3C6;
			productRefGroup = 4FD70F3C28EBEF3400E2A3C6 /* Products */;
			projectDirPath = "";
			projectRoot = "";
			targets = (
				4FD70F3A28EBEF3400E2A3C6 /* CancellableNetwork */,
			);
		};
/* End PBXProject section */

/* Begin PBXResourcesBuildPhase section */
		4FD70F3928EBEF3400E2A3C6 /* Resources */ = {
			isa = PBXResourcesBuildPhase;
			buildActionMask = 2147483647;
			files = (
				4FD70F4E28EBEF3400E2A3C6 /* LaunchScreen.storyboard in Resources */,
				4FD70F4B28EBEF3400E2A3C6 /* Assets.xcassets in Resources */,
				4FD70F4928EBEF3400E2A3C6 /* Main.storyboard in Resources */,
			);
			runOnlyForDeploymentPostprocessing = 0;
		};
/* End PBXResourcesBuildPhase section */

/* Begin PBXSourcesBuildPhase section */
		4FD70F3728EBEF3400E2A3C6 /* Sources */ = {
			isa = PBXSourcesBuildPhase;
			buildActionMask = 2147483647;
			files = (
				4FD70F4628EBEF3400E2A3C6 /* ViewController.m in Sources */,
				4FD70F4028EBEF3400E2A3C6 /* AppDelegate.m in Sources */,
				4FD70F5128EBEF3400E2A3C6 /* main.m in Sources */,
				4FD70F5928EBF09C00E2A3C6 /* ImageService.m in Sources */,
				4FD70F4328EBEF3400E2A3C6 /* SceneDelegate.m in Sources */,
			);
			runOnlyForDeploymentPostprocessing = 0;
		};
/* End PBXSourcesBuildPhase section */

/* Begin PBXVariantGroup section */
		4FD70F4728EBEF3400E2A3C6 /* Main.storyboard */ = {
			isa = PBXVariantGroup;
			children = (
				4FD70F4828EBEF3400E2A3C6 /* Base */,
			);
			name = Main.storyboard;
			sourceTree = "<group>";
		};
		4FD70F4C28EBEF3400E2A3C6 /* LaunchScreen.storyboard */ = {
			isa = PBXVariantGroup;
			children = (
				4FD70F4D28EBEF3400E2A3C6 /* Base */,
			);
			name = LaunchScreen.storyboard;
			sourceTree = "<group>";
		};
/* End PBXVariantGroup section */

/* Begin XCBuildConfiguration section */
		4FD70F5228EBEF3400E2A3C6 /* Debug */ = {
			isa = XCBuildConfiguration;
			buildSettings = {
				ALWAYS_SEARCH_USER_PATHS = NO;
				CLANG_ANALYZER_NONNULL = YES;
				CLANG_ANALYZER_NUMBER_OBJECT_CONVERSION = YES_AGGRESSIVE;
				CLANG_CXX_LANGUAGE_STANDARD = "gnu++20";
				CLANG_ENABLE_MODULES = YES;
				CLANG_ENABLE_OBJC_ARC = NO;
				CLANG_ENABLE_OBJC_WEAK = NO;
				CLANG_WARN_BLOCK_CAPTURE_AUTORELEASING = YES;
				CLANG_WARN_BOOL_CONVERSION = YES;
				CLANG_WARN_COMMA = YES;
				CLANG_WARN_CONSTANT_CONVERSION = YES;
				CLANG_WARN_DEPRECATED_OBJC_IMPLEMENTATIONS = YES;
				CLANG_WARN_DIRECT_OBJC_ISA_USAGE = YES_ERROR;
				CLANG_WARN_DOCUMENTATION_COMMENTS = YES;
				CLANG_WARN_EMPTY_BODY = YES;
				CLANG_WARN_ENUM_CONVERSION = YES;
				CLANG_WARN_INFINITE_RECURSION = YES;
				CLANG_WARN_INT_CONVERSION = YES;
				CLANG_WARN_NON_LITERAL_NULL_CONVERSION = YES;
				CLANG_WARN_OBJC_IMPLICIT_RETAIN_SELF = YES;
				CLANG_WARN_OBJC_LITERAL_CONVERSION = YES;
				CLANG_WARN_OBJC_ROOT_CLASS = YES_ERROR;
				CLANG_WARN_QUOTED_INCLUDE_IN_FRAMEWORK_HEADER = YES;
				CLANG_WARN_RANGE_LOOP_ANALYSIS = YES;
				CLANG_WARN_STRICT_PROTOTYPES = YES;
				CLANG_WARN_SUSPICIOUS_MOVE = YES;
				CLANG_WARN_UNGUARDED_AVAILABILITY = YES_AGGRESSIVE;
				CLANG_WARN_UNREACHABLE_CODE = YES;
				CLANG_WARN__DUPLICATE_METHOD_MATCH = YES;
				COPY_PHASE_STRIP = NO;
				DEBUG_INFORMATION_FORMAT = dwarf;
				ENABLE_STRICT_OBJC_MSGSEND = YES;
				ENABLE_TESTABILITY = YES;
				GCC_C_LANGUAGE_STANDARD = gnu11;
				GCC_DYNAMIC_NO_PIC = NO;
				GCC_NO_COMMON_BLOCKS = YES;
				GCC_OPTIMIZATION_LEVEL = 0;
				GCC_PREPROCESSOR_DEFINITIONS = (
					"DEBUG=1",
					"$(inherited)",
				);
				GCC_WARN_64_TO_32_BIT_CONVERSION = YES;
				GCC_WARN_ABOUT_RETURN_TYPE = YES_ERROR;
				GCC_WARN_UNDECLARED_SELECTOR = YES;
				GCC_WARN_UNINITIALIZED_AUTOS = YES_AGGRESSIVE;
				GCC_WARN_UNUSED_FUNCTION = YES;
				GCC_WARN_UNUSED_VARIABLE = YES;
				IPHONEOS_DEPLOYMENT_TARGET = 15.0;
				MTL_ENABLE_DEBUG_INFO = INCLUDE_SOURCE;
				MTL_FAST_MATH = YES;
				ONLY_ACTIVE_ARCH = YES;
				SDKROOT = iphoneos;
			};
			name = Debug;
		};
		4FD70F5328EBEF3400E2A3C6 /* Release */ = {
			isa = XCBuildConfiguration;
			buildSettings = {
				ALWAYS_SEARCH_USER_PATHS = NO;
				CLANG_ANALYZER_NONNULL = YES;
				CLANG_ANALYZER_NUMBER_OBJECT_CONVERSION = YES_AGGRESSIVE;
				CLANG_CXX_LANGUAGE_STANDARD = "gnu++20";
				CLANG_ENABLE_MODULES = YES;
				CLANG_ENABLE_OBJC_ARC = NO;
				CLANG_ENABLE_OBJC_WEAK = NO;
				CLANG_WARN_BLOCK_CAPTURE_AUTORELEASING = YES;
				CLANG_WARN_BOOL_CONVERSION = YES;
				CLANG_WARN_COMMA = YES;
				CLANG_WARN_CONSTANT_CONVERSION = YES;
				CLANG_WARN_DEPRECATED_OBJC_IMPLEMENTATIONS = YES;
				CLANG_WARN_DIRECT_OBJC_ISA_USAGE = YES_ERROR;
				CLANG_WARN_DOCUMENTATION_COMMENTS = YES;
				CLANG_WARN_EMPTY_BODY = YES;
				CLANG_WARN_ENUM_CONVERSION = YES;
				CLANG_WARN_INFINITE_RECURSION = YES;
				CLANG_WARN_INT_CONVERSION = YES;
				CLANG_WARN_NON_LITERAL_NULL_CONVERSION = YES;
				CLANG_WARN_OBJC_IMPLICIT_RETAIN_SELF = YES;
				CLANG_WARN_OBJC_LITERAL_CONVERSION = YES;
				CLANG_WARN_OBJC_ROOT_CLASS = YES_ERROR;
				CLANG_WARN_QUOTED_INCLUDE_IN_FRAMEWORK_HEADER = YES;
				CLANG_WARN_RANGE_LOOP_ANALYSIS = YES;
				CLANG_WARN_STRICT_PROTOTYPES = YES;
				CLANG_WARN_SUSPICIOUS_MOVE = YES;
				CLANG_WARN_UNGUARDED_AVAILABILITY = YES_AGGRESSIVE;
				CLANG_WARN_UNREACHABLE_CODE = YES;
				CLANG_WARN__DUPLICATE_METHOD_MATCH = YES;
				COPY_PHASE_STRIP = NO;
				DEBUG_INFORMATION_FORMAT = "dwarf-with-dsym";
				ENABLE_NS_ASSERTIONS = NO;
				ENABLE_STRICT_OBJC_MSGSEND = YES;
				GCC_C_LANGUAGE_STANDARD = gnu11;
				GCC_NO_COMMON_BLOCKS = YES;
				GCC_WARN_64_TO_32_BIT_CONVERSION = YES;
				GCC_WARN_ABOUT_RETURN_TYPE = YES_ERROR;
				GCC_WARN_UNDECLARED_SELECTOR = YES;
				GCC_WARN_UNINITIALIZED_AUTOS = YES_AGGRESSIVE;
				GCC_WARN_UNUSED_FUNCTION = YES;
				GCC_WARN_UNUSED_VARIABLE = YES;
				IPHONEOS_DEPLOYMENT_TARGET = 15.0;
				MTL_ENABLE_DEBUG_INFO = NO;
				MTL_FAST_MATH = YES;
				SDKROOT = iphoneos;
				VALIDATE_PRODUCT = YES;
			};
			name = Release;
		};
		4FD70F5528EBEF3400E2A3C6 /* Debug */ = {
			isa = XCBuildConfiguration;
			buildSettings = {
				ASSETCATALOG_COMPILER_APPICON_NAME = AppIcon;
				ASSETCATALOG_COMPILER_GLOBAL_ACCENT_COLOR_NAME = AccentColor;
				CODE_SIGN_STYLE = Automatic;
				CURRENT_PROJECT_VERSION = 1;
				DEVELOPMENT_TEAM = P53D29U9LJ;
				GENERATE_INFOPLIST_FILE = YES;
				INFOPLIST_FILE = CancellableNetwork/Info.plist;
				INFOPLIST_KEY_UIApplicationSupportsIndirectInputEvents = YES;
				INFOPLIST_KEY_UILaunchStoryboardName = LaunchScreen;
				INFOPLIST_KEY_UIMainStoryboardFile = Main;
				INFOPLIST_KEY_UISupportedInterfaceOrientations_iPad = "UIInterfaceOrientationPortrait UIInterfaceOrientationPortraitUpsideDown UIInterfaceOrientationLandscapeLeft UIInterfaceOrientationLandscapeRight";
				INFOPLIST_KEY_UISupportedInterfaceOrientations_iPhone = "UIInterfaceOrientationPortrait UIInterfaceOrientationLandscapeLeft UIInterfaceOrientationLandscapeRight";
				LD_RUNPATH_SEARCH_PATHS = (
					"$(inherited)",
					"@executable_path/Frameworks",
				);
				MARKETING_VERSION = 1.0;
				PRODUCT_BUNDLE_IDENTIFIER = com.pookjw.CancellableNetwork;
				PRODUCT_NAME = "$(TARGET_NAME)";
				SWIFT_EMIT_LOC_STRINGS = YES;
				TARGETED_DEVICE_FAMILY = "1,2";
			};
			name = Debug;
		};
		4FD70F5628EBEF3400E2A3C6 /* Release */ = {
			isa = XCBuildConfiguration;
			buildSettings = {
				ASSETCATALOG_COMPILER_APPICON_NAME = AppIcon;
				ASSETCATALOG_COMPILER_GLOBAL_ACCENT_COLOR_NAME = AccentColor;
				CODE_SIGN_STYLE = Automatic;
				CURRENT_PROJECT_VERSION = 1;
				DEVELOPMENT_TEAM = P53D29U9LJ;
				GENERATE_INFOPLIST_FILE = YES;
				INFOPLIST_FILE = CancellableNetwork/Info.plist;
				INFOPLIST_KEY_UIApplicationSupportsIndirectInputEvents = YES;
				INFOPLIST_KEY_UILaunchStoryboardName = LaunchScreen;
				INFOPLIST_KEY_UIMainStoryboardFile = Main;
				INFOPLIST_KEY_UISupportedInterfaceOrientations_iPad = "UIInterfaceOrientationPortrait UIInterfaceOrientationPortraitUpsideDown UIInterfaceOrientationLandscapeLeft UIInterfaceOrientationLandscapeRight";
				INFOPLIST_KEY_UISupportedInterfaceOrientations_iPhone = "UIInterfaceOrientationPortrait UIInterfaceOrientationLandscapeLeft UIInterfaceOrientationLandscapeRight";
				LD_RUNPATH_SEARCH_PATHS = (
					"$(inherited)",
					"@executable_path/Frameworks",
				);
				MARKETING_VERSION = 1.0;
				PRODUCT_BUNDLE_IDENTIFIER = com.pookjw.CancellableNetwork;
				PRODUCT_NAME = "$(TARGET_NAME)";
				SWIFT_EMIT_LOC_STRINGS = YES;
				TARGETED_DEVICE_FAMILY = "1,2";
			};
			name = Release;
		};
/* End XCBuildConfiguration section */

/* Begin XCConfigurationList section */
		4FD70F3628EBEF3400E2A3C6 /* Build configuration list for PBXProject "CancellableNetwork" */ = {
			isa = XCConfigurationList;
			buildConfigurations = (
				4FD70F5228EBEF3400E2A3C6 /* Debug */,
				4FD70F5328EBEF3400E2A3C6 /* Release */,
			);
			defaultConfigurationIsVisible = 0;
			defaultConfigurationName = Release;
		};
		4FD70F5428EBEF3400E2A3C6 /* Build configuration list for PBXNativeTarget "CancellableNetwork" */ = {
			isa = XCConfigurationList;
			buildConfigurations = (
				4FD70F5528EBEF3400E2A3C6 /* Debug */,
				4FD70F5628EBEF3400E2A3C6 /* Release */,
			);
			defaultConfigurationIsVisible = 0;
			defaultConfigurationName = Release;
		};
/* End XCConfigurationList section */
	};
	rootObject = 4FD70F3328EBEF3400E2A3C6 /* Project object */;
}
